// !$*UTF8*$!
{
	archiveVersion = 1;
	classes = {
	};
	objectVersion = 46;
	objects = {

/* Begin PBXBuildFile section */
		71B82B661B3A02CA00226882 /* AppDelegate.swift in Sources */ = {isa = PBXBuildFile; fileRef = 71B82B651B3A02CA00226882 /* AppDelegate.swift */; };
		71B82B681B3A02CA00226882 /* ViewController.swift in Sources */ = {isa = PBXBuildFile; fileRef = 71B82B671B3A02CA00226882 /* ViewController.swift */; };
		71B82B6B1B3A02CA00226882 /* Main.storyboard in Resources */ = {isa = PBXBuildFile; fileRef = 71B82B691B3A02CA00226882 /* Main.storyboard */; };
		71B82B6D1B3A02CA00226882 /* Images.xcassets in Resources */ = {isa = PBXBuildFile; fileRef = 71B82B6C1B3A02CA00226882 /* Images.xcassets */; };
		71B82B701B3A02CA00226882 /* LaunchScreen.xib in Resources */ = {isa = PBXBuildFile; fileRef = 71B82B6E1B3A02CA00226882 /* LaunchScreen.xib */; };
		71B82B7C1B3A02CA00226882 /* qrCodeTests.swift in Sources */ = {isa = PBXBuildFile; fileRef = 71B82B7B1B3A02CA00226882 /* qrCodeTests.swift */; };
/* End PBXBuildFile section */

/* Begin PBXContainerItemProxy section */
		71B82B761B3A02CA00226882 /* PBXContainerItemProxy */ = {
			isa = PBXContainerItemProxy;
			containerPortal = 71B82B581B3A02C900226882 /* Project object */;
			proxyType = 1;
			remoteGlobalIDString = 71B82B5F1B3A02CA00226882;
			remoteInfo = qrCode;
		};
/* End PBXContainerItemProxy section */

/* Begin PBXFileReference section */
		71B82B601B3A02CA00226882 /* qrCode.app */ = {isa = PBXFileReference; explicitFileType = wrapper.application; includeInIndex = 0; path = qrCode.app; sourceTree = BUILT_PRODUCTS_DIR; };
		71B82B641B3A02CA00226882 /* Info.plist */ = {isa = PBXFileReference; lastKnownFileType = text.plist.xml; path = Info.plist; sourceTree = "<group>"; };
		71B82B651B3A02CA00226882 /* AppDelegate.swift */ = {isa = PBXFileReference; lastKnownFileType = sourcecode.swift; path = AppDelegate.swift; sourceTree = "<group>"; };
		71B82B671B3A02CA00226882 /* ViewController.swift */ = {isa = PBXFileReference; lastKnownFileType = sourcecode.swift; path = ViewController.swift; sourceTree = "<group>"; };
		71B82B6A1B3A02CA00226882 /* Base */ = {isa = PBXFileReference; lastKnownFileType = file.storyboard; name = Base; path = Base.lproj/Main.storyboard; sourceTree = "<group>"; };
		71B82B6C1B3A02CA00226882 /* Images.xcassets */ = {isa = PBXFileReference; lastKnownFileType = folder.assetcatalog; path = Images.xcassets; sourceTree = "<group>"; };
		71B82B6F1B3A02CA00226882 /* Base */ = {isa = PBXFileReference; lastKnownFileType = file.xib; name = Base; path = Base.lproj/LaunchScreen.xib; sourceTree = "<group>"; };
		71B82B751B3A02CA00226882 /* qrCodeTests.xctest */ = {isa = PBXFileReference; explicitFileType = wrapper.cfbundle; includeInIndex = 0; path = qrCodeTests.xctest; sourceTree = BUILT_PRODUCTS_DIR; };
		71B82B7A1B3A02CA00226882 /* Info.plist */ = {isa = PBXFileReference; lastKnownFileType = text.plist.xml; path = Info.plist; sourceTree = "<group>"; };
		71B82B7B1B3A02CA00226882 /* qrCodeTests.swift */ = {isa = PBXFileReference; lastKnownFileType = sourcecode.swift; path = qrCodeTests.swift; sourceTree = "<group>"; };
/* End PBXFileReference section */

/* Begin PBXFrameworksBuildPhase section */
		71B82B5D1B3A02CA00226882 /* Frameworks */ = {
			isa = PBXFrameworksBuildPhase;
			buildActionMask = 2147483647;
			files = (
			);
			runOnlyForDeploymentPostprocessing = 0;
		};
		71B82B721B3A02CA00226882 /* Frameworks */ = {
			isa = PBXFrameworksBuildPhase;
			buildActionMask = 2147483647;
			files = (
			);
			runOnlyForDeploymentPostprocessing = 0;
		};
/* End PBXFrameworksBuildPhase section */

/* Begin PBXGroup section */
		71B82B571B3A02C900226882 = {
			isa = PBXGroup;
			children = (
				71B82B621B3A02CA00226882 /* qrCode */,
				71B82B781B3A02CA00226882 /* qrCodeTests */,
				71B82B611B3A02CA00226882 /* Products */,
			);
			sourceTree = "<group>";
		};
		71B82B611B3A02CA00226882 /* Products */ = {
			isa = PBXGroup;
			children = (
				71B82B601B3A02CA00226882 /* qrCode.app */,
				71B82B751B3A02CA00226882 /* qrCodeTests.xctest */,
			);
			name = Products;
			sourceTree = "<group>";
		};
		71B82B621B3A02CA00226882 /* qrCode */ = {
			isa = PBXGroup;
			children = (
				71B82B651B3A02CA00226882 /* AppDelegate.swift */,
				71B82B671B3A02CA00226882 /* ViewController.swift */,
				71B82B691B3A02CA00226882 /* Main.storyboard */,
				71B82B6C1B3A02CA00226882 /* Images.xcassets */,
				71B82B6E1B3A02CA00226882 /* LaunchScreen.xib */,
				71B82B631B3A02CA00226882 /* Supporting Files */,
			);
			path = qrCode;
			sourceTree = "<group>";
		};
		71B82B631B3A02CA00226882 /* Supporting Files */ = {
			isa = PBXGroup;
			children = (
				71B82B641B3A02CA00226882 /* Info.plist */,
			);
			name = "Supporting Files";
			sourceTree = "<group>";
		};
		71B82B781B3A02CA00226882 /* qrCodeTests */ = {
			isa = PBXGroup;
			children = (
				71B82B7B1B3A02CA00226882 /* qrCodeTests.swift */,
				71B82B791B3A02CA00226882 /* Supporting Files */,
			);
			path = qrCodeTests;
			sourceTree = "<group>";
		};
		71B82B791B3A02CA00226882 /* Supporting Files */ = {
			isa = PBXGroup;
			children = (
				71B82B7A1B3A02CA00226882 /* Info.plist */,
			);
			name = "Supporting Files";
			sourceTree = "<group>";
		};
/* End PBXGroup section */

/* Begin PBXNativeTarget section */
		71B82B5F1B3A02CA00226882 /* qrCode */ = {
			isa = PBXNativeTarget;
			buildConfigurationList = 71B82B7F1B3A02CA00226882 /* Build configuration list for PBXNativeTarget "qrCode" */;
			buildPhases = (
				71B82B5C1B3A02CA00226882 /* Sources */,
				71B82B5D1B3A02CA00226882 /* Frameworks */,
				71B82B5E1B3A02CA00226882 /* Resources */,
			);
			buildRules = (
			);
			dependencies = (
			);
			name = qrCode;
			productName = qrCode;
			productReference = 71B82B601B3A02CA00226882 /* qrCode.app */;
			productType = "com.apple.product-type.application";
		};
		71B82B741B3A02CA00226882 /* qrCodeTests */ = {
			isa = PBXNativeTarget;
			buildConfigurationList = 71B82B821B3A02CA00226882 /* Build configuration list for PBXNativeTarget "qrCodeTests" */;
			buildPhases = (
				71B82B711B3A02CA00226882 /* Sources */,
				71B82B721B3A02CA00226882 /* Frameworks */,
				71B82B731B3A02CA00226882 /* Resources */,
			);
			buildRules = (
			);
			dependencies = (
				71B82B771B3A02CA00226882 /* PBXTargetDependency */,
			);
			name = qrCodeTests;
			productName = qrCodeTests;
			productReference = 71B82B751B3A02CA00226882 /* qrCodeTests.xctest */;
			productType = "com.apple.product-type.bundle.unit-test";
		};
/* End PBXNativeTarget section */

/* Begin PBXProject section */
		71B82B581B3A02C900226882 /* Project object */ = {
			isa = PBXProject;
			attributes = {
				LastUpgradeCheck = 0630;
				ORGANIZATIONNAME = WebAcademyTeam;
				TargetAttributes = {
					71B82B5F1B3A02CA00226882 = {
						CreatedOnToolsVersion = 6.3.2;
					};
					71B82B741B3A02CA00226882 = {
						CreatedOnToolsVersion = 6.3.2;
						TestTargetID = 71B82B5F1B3A02CA00226882;
					};
				};
			};
			buildConfigurationList = 71B82B5B1B3A02C900226882 /* Build configuration list for PBXProject "qrCode" */;
			compatibilityVersion = "Xcode 3.2";
			developmentRegion = English;
			hasScannedForEncodings = 0;
			knownRegions = (
				en,
				Base,
			);
			mainGroup = 71B82B571B3A02C900226882;
			productRefGroup = 71B82B611B3A02CA00226882 /* Products */;
			projectDirPath = "";
			projectRoot = "";
			targets = (
				71B82B5F1B3A02CA00226882 /* qrCode */,
				71B82B741B3A02CA00226882 /* qrCodeTests */,
			);
		};
/* End PBXProject section */

/* Begin PBXResourcesBuildPhase section */
		71B82B5E1B3A02CA00226882 /* Resources */ = {
			isa = PBXResourcesBuildPhase;
			buildActionMask = 2147483647;
			files = (
				71B82B6B1B3A02CA00226882 /* Main.storyboard in Resources */,
				71B82B701B3A02CA00226882 /* LaunchScreen.xib in Resources */,
				71B82B6D1B3A02CA00226882 /* Images.xcassets in Resources */,
			);
			runOnlyForDeploymentPostprocessing = 0;
		};
		71B82B731B3A02CA00226882 /* Resources */ = {
			isa = PBXResourcesBuildPhase;
			buildActionMask = 2147483647;
			files = (
			);
			runOnlyForDeploymentPostprocessing = 0;
		};
/* End PBXResourcesBuildPhase section */

/* Begin PBXSourcesBuildPhase section */
		71B82B5C1B3A02CA00226882 /* Sources */ = {
			isa = PBXSourcesBuildPhase;
			buildActionMask = 2147483647;
			files = (
				71B82B681B3A02CA00226882 /* ViewController.swift in Sources */,
				71B82B661B3A02CA00226882 /* AppDelegate.swift in Sources */,
			);
			runOnlyForDeploymentPostprocessing = 0;
		};
		71B82B711B3A02CA00226882 /* Sources */ = {
			isa = PBXSourcesBuildPhase;
			buildActionMask = 2147483647;
			files = (
				71B82B7C1B3A02CA00226882 /* qrCodeTests.swift in Sources */,
			);
			runOnlyForDeploymentPostprocessing = 0;
		};
/* End PBXSourcesBuildPhase section */

/* Begin PBXTargetDependency section */
		71B82B771B3A02CA00226882 /* PBXTargetDependency */ = {
			isa = PBXTargetDependency;
			target = 71B82B5F1B3A02CA00226882 /* qrCode */;
			targetProxy = 71B82B761B3A02CA00226882 /* PBXContainerItemProxy */;
		};
/* End PBXTargetDependency section */

/* Begin PBXVariantGroup section */
		71B82B691B3A02CA00226882 /* Main.storyboard */ = {
			isa = PBXVariantGroup;
			children = (
				71B82B6A1B3A02CA00226882 /* Base */,
			);
			name = Main.storyboard;
			sourceTree = "<group>";
		};
		71B82B6E1B3A02CA00226882 /* LaunchScreen.xib */ = {
			isa = PBXVariantGroup;
			children = (
				71B82B6F1B3A02CA00226882 /* Base */,
			);
			name = LaunchScreen.xib;
			sourceTree = "<group>";
		};
/* End PBXVariantGroup section */

/* Begin XCBuildConfiguration section */
		71B82B7D1B3A02CA00226882 /* Debug */ = {
			isa = XCBuildConfiguration;
			buildSettings = {
				ALWAYS_SEARCH_USER_PATHS = NO;
				CLANG_CXX_LANGUAGE_STANDARD = "gnu++0x";
				CLANG_CXX_LIBRARY = "libc++";
				CLANG_ENABLE_MODULES = YES;
				CLANG_ENABLE_OBJC_ARC = YES;
				CLANG_WARN_BOOL_CONVERSION = YES;
				CLANG_WARN_CONSTANT_CONVERSION = YES;
				CLANG_WARN_DIRECT_OBJC_ISA_USAGE = YES_ERROR;
				CLANG_WARN_EMPTY_BODY = YES;
				CLANG_WARN_ENUM_CONVERSION = YES;
				CLANG_WARN_INT_CONVERSION = YES;
				CLANG_WARN_OBJC_ROOT_CLASS = YES_ERROR;
				CLANG_WARN_UNREACHABLE_CODE = YES;
				CLANG_WARN__DUPLICATE_METHOD_MATCH = YES;
				"CODE_SIGN_IDENTITY[sdk=iphoneos*]" = "iPhone Developer";
				COPY_PHASE_STRIP = NO;
				DEBUG_INFORMATION_FORMAT = "dwarf-with-dsym";
				ENABLE_STRICT_OBJC_MSGSEND = YES;
				GCC_C_LANGUAGE_STANDARD = gnu99;
				GCC_DYNAMIC_NO_PIC = NO;
				GCC_NO_COMMON_BLOCKS = YES;
				GCC_OPTIMIZATION_LEVEL = 0;
				GCC_PREPROCESSOR_DEFINITIONS = (
					"DEBUG=1",
					"$(inherited)",
				);
				GCC_SYMBOLS_PRIVATE_EXTERN = NO;
				GCC_WARN_64_TO_32_BIT_CONVERSION = YES;
				GCC_WARN_ABOUT_RETURN_TYPE = YES_ERROR;
				GCC_WARN_UNDECLARED_SELECTOR = YES;
				GCC_WARN_UNINITIALIZED_AUTOS = YES_AGGRESSIVE;
				GCC_WARN_UNUSED_FUNCTION = YES;
				GCC_WARN_UNUSED_VARIABLE = YES;
				IPHONEOS_DEPLOYMENT_TARGET = 8.3;
				MTL_ENABLE_DEBUG_INFO = YES;
				ONLY_ACTIVE_ARCH = YES;
				SDKROOT = iphoneos;
				SWIFT_OPTIMIZATION_LEVEL = "-Onone";
			};
			name = Debug;
		};
		71B82B7E1B3A02CA00226882 /* Release */ = {
			isa = XCBuildConfiguration;
			buildSettings = {
				ALWAYS_SEARCH_USER_PATHS = NO;
				CLANG_CXX_LANGUAGE_STANDARD = "gnu++0x";
				CLANG_CXX_LIBRARY = "libc++";
				CLANG_ENABLE_MODULES = YES;
				CLANG_ENABLE_OBJC_ARC = YES;
				CLANG_WARN_BOOL_CONVERSION = YES;
				CLANG_WARN_CONSTANT_CONVERSION = YES;
				CLANG_WARN_DIRECT_OBJC_ISA_USAGE = YES_ERROR;
				CLANG_WARN_EMPTY_BODY = YES;
				CLANG_WARN_ENUM_CONVERSION = YES;
				CLANG_WARN_INT_CONVERSION = YES;
				CLANG_WARN_OBJC_ROOT_CLASS = YES_ERROR;
				CLANG_WARN_UNREACHABLE_CODE = YES;
				CLANG_WARN__DUPLICATE_METHOD_MATCH = YES;
				"CODE_SIGN_IDENTITY[sdk=iphoneos*]" = "iPhone Developer";
				COPY_PHASE_STRIP = NO;
				DEBUG_INFORMATION_FORMAT = "dwarf-with-dsym";
				ENABLE_NS_ASSERTIONS = NO;
				ENABLE_STRICT_OBJC_MSGSEND = YES;
				GCC_C_LANGUAGE_STANDARD = gnu99;
				GCC_NO_COMMON_BLOCKS = YES;
				GCC_WARN_64_TO_32_BIT_CONVERSION = YES;
				GCC_WARN_ABOUT_RETURN_TYPE = YES_ERROR;
				GCC_WARN_UNDECLARED_SELECTOR = YES;
				GCC_WARN_UNINITIALIZED_AUTOS = YES_AGGRESSIVE;
				GCC_WARN_UNUSED_FUNCTION = YES;
				GCC_WARN_UNUSED_VARIABLE = YES;
				IPHONEOS_DEPLOYMENT_TARGET = 8.3;
				MTL_ENABLE_DEBUG_INFO = NO;
				SDKROOT = iphoneos;
				VALIDATE_PRODUCT = YES;
			};
			name = Release;
		};
		71B82B801B3A02CA00226882 /* Debug */ = {
			isa = XCBuildConfiguration;
			buildSettings = {
				ASSETCATALOG_COMPILER_APPICON_NAME = AppIcon;
				INFOPLIST_FILE = qrCode/Info.plist;
				LD_RUNPATH_SEARCH_PATHS = "$(inherited) @executable_path/Frameworks";
				PRODUCT_NAME = "$(TARGET_NAME)";
			};
			name = Debug;
		};
		71B82B811B3A02CA00226882 /* Release */ = {
			isa = XCBuildConfiguration;
			buildSettings = {
				ASSETCATALOG_COMPILER_APPICON_NAME = AppIcon;
				INFOPLIST_FILE = qrCode/Info.plist;
				LD_RUNPATH_SEARCH_PATHS = "$(inherited) @executable_path/Frameworks";
				PRODUCT_NAME = "$(TARGET_NAME)";
			};
			name = Release;
		};
		71B82B831B3A02CA00226882 /* Debug */ = {
			isa = XCBuildConfiguration;
			buildSettings = {
				BUNDLE_LOADER = "$(TEST_HOST)";
				FRAMEWORK_SEARCH_PATHS = (
					"$(SDKROOT)/Developer/Library/Frameworks",
					"$(inherited)",
				);
				GCC_PREPROCESSOR_DEFINITIONS = (
					"DEBUG=1",
					"$(inherited)",
				);
				INFOPLIST_FILE = qrCodeTests/Info.plist;
				LD_RUNPATH_SEARCH_PATHS = "$(inherited) @executable_path/Frameworks @loader_path/Frameworks";
				PRODUCT_NAME = "$(TARGET_NAME)";
				TEST_HOST = "$(BUILT_PRODUCTS_DIR)/qrCode.app/qrCode";
			};
			name = Debug;
		};
		71B82B841B3A02CA00226882 /* Release */ = {
			isa = XCBuildConfiguration;
			buildSettings = {
				BUNDLE_LOADER = "$(TEST_HOST)";
				FRAMEWORK_SEARCH_PATHS = (
					"$(SDKROOT)/Developer/Library/Frameworks",
					"$(inherited)",
				);
				INFOPLIST_FILE = qrCodeTests/Info.plist;
				LD_RUNPATH_SEARCH_PATHS = "$(inherited) @executable_path/Frameworks @loader_path/Frameworks";
				PRODUCT_NAME = "$(TARGET_NAME)";
				TEST_HOST = "$(BUILT_PRODUCTS_DIR)/qrCode.app/qrCode";
			};
			name = Release;
		};
/* End XCBuildConfiguration section */

/* Begin XCConfigurationList section */
		71B82B5B1B3A02C900226882 /* Build configuration list for PBXProject "qrCode" */ = {
			isa = XCConfigurationList;
			buildConfigurations = (
				71B82B7D1B3A02CA00226882 /* Debug */,
				71B82B7E1B3A02CA00226882 /* Release */,
			);
			defaultConfigurationIsVisible = 0;
			defaultConfigurationName = Release;
		};
		71B82B7F1B3A02CA00226882 /* Build configuration list for PBXNativeTarget "qrCode" */ = {
			isa = XCConfigurationList;
			buildConfigurations = (
				71B82B801B3A02CA00226882 /* Debug */,
				71B82B811B3A02CA00226882 /* Release */,
			);
			defaultConfigurationIsVisible = 0;
		};
		71B82B821B3A02CA00226882 /* Build configuration list for PBXNativeTarget "qrCodeTests" */ = {
			isa = XCConfigurationList;
			buildConfigurations = (
				71B82B831B3A02CA00226882 /* Debug */,
				71B82B841B3A02CA00226882 /* Release */,
			);
			defaultConfigurationIsVisible = 0;
		};
/* End XCConfigurationList section */
	};
	rootObject = 71B82B581B3A02C900226882 /* Project object */;
}
